
Microsoft Visual Studio Solution File, Format Version 12.00
# Visual Studio 2017
Project("{FAE04EC0-301F-11D3-BF4B-00C04F79EFBC}") = "Holo-NavMesh", "Holo-NavMesh.csproj", "{F363A472-FBED-6372-8FB8-1C678D74CACB}"
EndProject
Project("{FAE04EC0-301F-11D3-BF4B-00C04F79EFBC}") = "Holo-NavMesh.Editor", "Holo-NavMesh.Editor.csproj", "{4CF89886-DDFD-28FF-1DBE-7C62DD6B43FD}"
EndProject
Global
	GlobalSection(SolutionConfigurationPlatforms) = preSolution
		Debug|Any CPU = Debug|Any CPU
		Release|Any CPU = Release|Any CPU
	EndGlobalSection
	GlobalSection(ProjectConfigurationPlatforms) = postSolution
		{F363A472-FBED-6372-8FB8-1C678D74CACB}.Debug|Any CPU.ActiveCfg = Debug|Any CPU
		{F363A472-FBED-6372-8FB8-1C678D74CACB}.Debug|Any CPU.Build.0 = Debug|Any CPU
		{F363A472-FBED-6372-8FB8-1C678D74CACB}.Release|Any CPU.ActiveCfg = Release|Any CPU
		{F363A472-FBED-6372-8FB8-1C678D74CACB}.Release|Any CPU.Build.0 = Release|Any CPU
		{4CF89886-DDFD-28FF-1DBE-7C62DD6B43FD}.Debug|Any CPU.ActiveCfg = Debug|Any CPU
		{4CF89886-DDFD-28FF-1DBE-7C62DD6B43FD}.Debug|Any CPU.Build.0 = Debug|Any CPU
		{4CF89886-DDFD-28FF-1DBE-7C62DD6B43FD}.Release|Any CPU.ActiveCfg = Release|Any CPU
		{4CF89886-DDFD-28FF-1DBE-7C62DD6B43FD}.Release|Any CPU.Build.0 = Release|Any CPU
	EndGlobalSection
	GlobalSection(SolutionProperties) = preSolution
		HideSolutionNode = FALSE
	EndGlobalSection
EndGlobal
